
Microsoft Visual Studio Solution File, Format Version 12.00
# Visual Studio Version 16
VisualStudioVersion = 16.0.29324.140
MinimumVisualStudioVersion = 10.0.40219.1
Project("{FAE04EC0-301F-11D3-BF4B-00C04F79EFBC}") = "SentimentAnalysisDotNet", "SentimentAnalysisDotNet\SentimentAnalysisDotNet.csproj", "{B0A851CD-0C1C-47F7-957E-2E6665639CDC}"
EndProject
Project("{9A19103F-16F7-4668-BE54-9A1E7A4F7556}") = "SentimentAnalysisDotNetML.Model", "SentimentAnalysisDotNetML.Model\SentimentAnalysisDotNetML.Model.csproj", "{C84E246E-B611-4E78-BBB1-03F7210EB6EE}"
EndProject
Project("{9A19103F-16F7-4668-BE54-9A1E7A4F7556}") = "SentimentAnalysisDotNetML.ConsoleApp", "SentimentAnalysisDotNetML.ConsoleApp\SentimentAnalysisDotNetML.ConsoleApp.csproj", "{45625FDD-327C-4AB1-A636-35322691C975}"
EndProject
Global
	GlobalSection(SolutionConfigurationPlatforms) = preSolution
		Debug|Any CPU = Debug|Any CPU
		Release|Any CPU = Release|Any CPU
	EndGlobalSection
	GlobalSection(ProjectConfigurationPlatforms) = postSolution
		{B0A851CD-0C1C-47F7-957E-2E6665639CDC}.Debug|Any CPU.ActiveCfg = Debug|Any CPU
		{B0A851CD-0C1C-47F7-957E-2E6665639CDC}.Debug|Any CPU.Build.0 = Debug|Any CPU
		{B0A851CD-0C1C-47F7-957E-2E6665639CDC}.Release|Any CPU.ActiveCfg = Release|Any CPU
		{B0A851CD-0C1C-47F7-957E-2E6665639CDC}.Release|Any CPU.Build.0 = Release|Any CPU
		{C84E246E-B611-4E78-BBB1-03F7210EB6EE}.Debug|Any CPU.ActiveCfg = Debug|Any CPU
		{C84E246E-B611-4E78-BBB1-03F7210EB6EE}.Debug|Any CPU.Build.0 = Debug|Any CPU
		{C84E246E-B611-4E78-BBB1-03F7210EB6EE}.Release|Any CPU.ActiveCfg = Release|Any CPU
		{C84E246E-B611-4E78-BBB1-03F7210EB6EE}.Release|Any CPU.Build.0 = Release|Any CPU
		{45625FDD-327C-4AB1-A636-35322691C975}.Debug|Any CPU.ActiveCfg = Debug|Any CPU
		{45625FDD-327C-4AB1-A636-35322691C975}.Debug|Any CPU.Build.0 = Debug|Any CPU
		{45625FDD-327C-4AB1-A636-35322691C975}.Release|Any CPU.ActiveCfg = Release|Any CPU
		{45625FDD-327C-4AB1-A636-35322691C975}.Release|Any CPU.Build.0 = Release|Any CPU
	EndGlobalSection
	GlobalSection(SolutionProperties) = preSolution
		HideSolutionNode = FALSE
	EndGlobalSection
	GlobalSection(ExtensibilityGlobals) = postSolution
		SolutionGuid = {E5145547-D231-4D43-86F7-58390DE71B62}
	EndGlobalSection
EndGlobal
